
Microsoft Visual Studio Solution File, Format Version 12.00
# Visual Studio Version 16
VisualStudioVersion = 16.0.29009.5
MinimumVisualStudioVersion = 10.0.40219.1
Project("{FAE04EC0-301F-11D3-BF4B-00C04F79EFBC}") = "stub", "stub\stub.csproj", "{5E6A961F-77C6-4DD7-B10F-EC815741BA7B}"
EndProject
Project("{FAE04EC0-301F-11D3-BF4B-00C04F79EFBC}") = "DiamondRAT", "DiamondRAT\DiamondRAT.csproj", "{A40A1622-2EF8-4B2A-B7BB-87353B0C3FBA}"
EndProject
Global
	GlobalSection(SolutionConfigurationPlatforms) = preSolution
		Debug|Any CPU = Debug|Any CPU
		Release|Any CPU = Release|Any CPU
	EndGlobalSection
	GlobalSection(ProjectConfigurationPlatforms) = postSolution
		{5E6A961F-77C6-4DD7-B10F-EC815741BA7B}.Debug|Any CPU.ActiveCfg = Debug|Any CPU
		{5E6A961F-77C6-4DD7-B10F-EC815741BA7B}.Debug|Any CPU.Build.0 = Debug|Any CPU
		{5E6A961F-77C6-4DD7-B10F-EC815741BA7B}.Release|Any CPU.ActiveCfg = Release|Any CPU
		{5E6A961F-77C6-4DD7-B10F-EC815741BA7B}.Release|Any CPU.Build.0 = Release|Any CPU
		{A40A1622-2EF8-4B2A-B7BB-87353B0C3FBA}.Debug|Any CPU.ActiveCfg = Debug|Any CPU
		{A40A1622-2EF8-4B2A-B7BB-87353B0C3FBA}.Debug|Any CPU.Build.0 = Debug|Any CPU
		{A40A1622-2EF8-4B2A-B7BB-87353B0C3FBA}.Release|Any CPU.ActiveCfg = Release|Any CPU
		{A40A1622-2EF8-4B2A-B7BB-87353B0C3FBA}.Release|Any CPU.Build.0 = Release|Any CPU
	EndGlobalSection
	GlobalSection(SolutionProperties) = preSolution
		HideSolutionNode = FALSE
	EndGlobalSection
	GlobalSection(ExtensibilityGlobals) = postSolution
		SolutionGuid = {5E0237D4-AE82-49C2-AF78-37899C5484DE}
	EndGlobalSection
EndGlobal
